<<<<<<< HEAD
﻿
Microsoft Visual Studio Solution File, Format Version 11.00
# Visual Studio 2010
Project("{FAE04EC0-301F-11D3-BF4B-00C04F79EFBC}") = "Assembly-CSharp", "Assembly-CSharp.csproj", "{1E099C5A-6599-9812-C578-B23502128EE7}"
EndProject
Global
	GlobalSection(SolutionConfigurationPlatforms) = preSolution
		Debug|Any CPU = Debug|Any CPU
		Release|Any CPU = Release|Any CPU
	EndGlobalSection
	GlobalSection(ProjectConfigurationPlatforms) = postSolution
		{1E099C5A-6599-9812-C578-B23502128EE7}.Debug|Any CPU.ActiveCfg = Debug|Any CPU
		{1E099C5A-6599-9812-C578-B23502128EE7}.Debug|Any CPU.Build.0 = Debug|Any CPU
		{1E099C5A-6599-9812-C578-B23502128EE7}.Release|Any CPU.ActiveCfg = Release|Any CPU
		{1E099C5A-6599-9812-C578-B23502128EE7}.Release|Any CPU.Build.0 = Release|Any CPU
	EndGlobalSection
	GlobalSection(SolutionProperties) = preSolution
		HideSolutionNode = FALSE
	EndGlobalSection
EndGlobal
=======
﻿
Microsoft Visual Studio Solution File, Format Version 11.00
# Visual Studio 2010
Project("{FAE04EC0-301F-11D3-BF4B-00C04F79EFBC}") = "Assembly-CSharp", "Assembly-CSharp.csproj", "{5a9c091e-9965-1298-c578-b23502128ee7}"
EndProject
Global
	GlobalSection(SolutionConfigurationPlatforms) = preSolution
		Debug|Any CPU = Debug|Any CPU
		Release|Any CPU = Release|Any CPU
	EndGlobalSection
	GlobalSection(ProjectConfigurationPlatforms) = postSolution
		{5a9c091e-9965-1298-c578-b23502128ee7}.Debug|Any CPU.ActiveCfg = Debug|Any CPU
		{5a9c091e-9965-1298-c578-b23502128ee7}.Debug|Any CPU.Build.0 = Debug|Any CPU
		{5a9c091e-9965-1298-c578-b23502128ee7}.Release|Any CPU.ActiveCfg = Release|Any CPU
		{5a9c091e-9965-1298-c578-b23502128ee7}.Release|Any CPU.Build.0 = Release|Any CPU
	EndGlobalSection
	GlobalSection(SolutionProperties) = preSolution
		HideSolutionNode = FALSE
	EndGlobalSection
EndGlobal
>>>>>>> ada02181691dabd1f9ff522e427c6d1f9367a92c
